
Microsoft Visual Studio Solution File, Format Version 12.00
# Visual Studio Version 16
VisualStudioVersion = 16.0.30011.22
MinimumVisualStudioVersion = 10.0.40219.1
Project("{FAE04EC0-301F-11D3-BF4B-00C04F79EFBC}") = "ConsoleApp1", "ConsoleApp1\ConsoleApp1.csproj", "{5BAAFE8E-4185-400A-8373-5E9F9426D842}"
EndProject
Global
	GlobalSection(SolutionConfigurationPlatforms) = preSolution
		Debug|Any CPU = Debug|Any CPU
		Release|Any CPU = Release|Any CPU
	EndGlobalSection
	GlobalSection(ProjectConfigurationPlatforms) = postSolution
		{5BAAFE8E-4185-400A-8373-5E9F9426D842}.Debug|Any CPU.ActiveCfg = Debug|Any CPU
		{5BAAFE8E-4185-400A-8373-5E9F9426D842}.Debug|Any CPU.Build.0 = Debug|Any CPU
		{5BAAFE8E-4185-400A-8373-5E9F9426D842}.Release|Any CPU.ActiveCfg = Release|Any CPU
		{5BAAFE8E-4185-400A-8373-5E9F9426D842}.Release|Any CPU.Build.0 = Release|Any CPU
	EndGlobalSection
	GlobalSection(SolutionProperties) = preSolution
		HideSolutionNode = FALSE
	EndGlobalSection
	GlobalSection(ExtensibilityGlobals) = postSolution
		SolutionGuid = {5C9FF1AD-6C44-45C9-A53C-B2980B92DA06}
	EndGlobalSection
EndGlobal
